
Microsoft Visual Studio Solution File, Format Version 12.00
Project("{FAE04EC0-301F-11D3-BF4B-00C04F79EFBC}") = "EntityFrameworkCore.FluentTemporal", "EntityFrameworkCore.FluentTemporal\EntityFrameworkCore.FluentTemporal.csproj", "{1FC68834-07A7-4ADF-BE4B-15AB140D9880}"
EndProject
Global
	GlobalSection(SolutionConfigurationPlatforms) = preSolution
		Debug|Any CPU = Debug|Any CPU
		Release|Any CPU = Release|Any CPU
	EndGlobalSection
	GlobalSection(ProjectConfigurationPlatforms) = postSolution
		{1FC68834-07A7-4ADF-BE4B-15AB140D9880}.Debug|Any CPU.ActiveCfg = Debug|Any CPU
		{1FC68834-07A7-4ADF-BE4B-15AB140D9880}.Debug|Any CPU.Build.0 = Debug|Any CPU
		{1FC68834-07A7-4ADF-BE4B-15AB140D9880}.Release|Any CPU.ActiveCfg = Release|Any CPU
		{1FC68834-07A7-4ADF-BE4B-15AB140D9880}.Release|Any CPU.Build.0 = Release|Any CPU
	EndGlobalSection
EndGlobal
